
Microsoft Visual Studio Solution File, Format Version 12.00
# Visual Studio Version 17
VisualStudioVersion = 17.4.33213.308
MinimumVisualStudioVersion = 10.0.40219.1
Project("{FAE04EC0-301F-11D3-BF4B-00C04F79EFBC}") = "GTA_Watermark", "GTA_Watermark\GTA_Watermark.csproj", "{D643F744-838D-42CC-A1E8-B3B09FEBC5A5}"
EndProject
Global
	GlobalSection(SolutionConfigurationPlatforms) = preSolution
		Debug|Any CPU = Debug|Any CPU
		Release|Any CPU = Release|Any CPU
	EndGlobalSection
	GlobalSection(ProjectConfigurationPlatforms) = postSolution
		{D643F744-838D-42CC-A1E8-B3B09FEBC5A5}.Debug|Any CPU.ActiveCfg = Debug|Any CPU
		{D643F744-838D-42CC-A1E8-B3B09FEBC5A5}.Debug|Any CPU.Build.0 = Debug|Any CPU
		{D643F744-838D-42CC-A1E8-B3B09FEBC5A5}.Release|Any CPU.ActiveCfg = Release|Any CPU
		{D643F744-838D-42CC-A1E8-B3B09FEBC5A5}.Release|Any CPU.Build.0 = Release|Any CPU
	EndGlobalSection
	GlobalSection(SolutionProperties) = preSolution
		HideSolutionNode = FALSE
	EndGlobalSection
	GlobalSection(ExtensibilityGlobals) = postSolution
		SolutionGuid = {1C424285-E634-440B-A850-1A72C9CC501F}
	EndGlobalSection
EndGlobal
